
Microsoft Visual Studio Solution File, Format Version 12.00
# Visual Studio 15
VisualStudioVersion = 15.0.27428.2005
MinimumVisualStudioVersion = 10.0.40219.1
Project("{9A19103F-16F7-4668-BE54-9A1E7A4F7556}") = "Fabrikam.IoT.Devices.SupplyChain", "Fabrikam.IoT.Devices.SupplyChain\Fabrikam.IoT.Devices.SupplyChain.csproj", "{64500474-510D-4E14-9859-0121DE757D1B}"
EndProject
Project("{9A19103F-16F7-4668-BE54-9A1E7A4F7556}") = "Fabrikam.IoT.Devices.SupplyChain.Tests", "Fabrikam.IoT.Devices.SupplyChain.Tests\Fabrikam.IoT.Devices.SupplyChain.Tests.csproj", "{6715D3D1-BF4D-4216-BEB0-06DE341BBFDF}"
EndProject
Global
	GlobalSection(SolutionConfigurationPlatforms) = preSolution
		Debug|Any CPU = Debug|Any CPU
		Release|Any CPU = Release|Any CPU
	EndGlobalSection
	GlobalSection(ProjectConfigurationPlatforms) = postSolution
		{64500474-510D-4E14-9859-0121DE757D1B}.Debug|Any CPU.ActiveCfg = Debug|Any CPU
		{64500474-510D-4E14-9859-0121DE757D1B}.Debug|Any CPU.Build.0 = Debug|Any CPU
		{64500474-510D-4E14-9859-0121DE757D1B}.Release|Any CPU.ActiveCfg = Release|Any CPU
		{64500474-510D-4E14-9859-0121DE757D1B}.Release|Any CPU.Build.0 = Release|Any CPU
		{6715D3D1-BF4D-4216-BEB0-06DE341BBFDF}.Debug|Any CPU.ActiveCfg = Debug|Any CPU
		{6715D3D1-BF4D-4216-BEB0-06DE341BBFDF}.Debug|Any CPU.Build.0 = Debug|Any CPU
		{6715D3D1-BF4D-4216-BEB0-06DE341BBFDF}.Release|Any CPU.ActiveCfg = Release|Any CPU
		{6715D3D1-BF4D-4216-BEB0-06DE341BBFDF}.Release|Any CPU.Build.0 = Release|Any CPU
	EndGlobalSection
	GlobalSection(SolutionProperties) = preSolution
		HideSolutionNode = FALSE
	EndGlobalSection
	GlobalSection(ExtensibilityGlobals) = postSolution
		SolutionGuid = {21CEF879-6C40-40D2-8D0A-A680E9CE27EA}
	EndGlobalSection
EndGlobal
