
Microsoft Visual Studio Solution File, Format Version 12.00
# Visual Studio 15
VisualStudioVersion = 15.0.28307.106
MinimumVisualStudioVersion = 10.0.40219.1
Project("{9A19103F-16F7-4668-BE54-9A1E7A4F7556}") = "DroneHotPathFunction", "DroneHotPathFunction\DroneHotPathFunction.csproj", "{B9069FFC-78F8-4649-B8F4-3B32B4214EF5}"
EndProject
Project("{9A19103F-16F7-4668-BE54-9A1E7A4F7556}") = "DroneHotPathTest", "DroneHotPathTest\DroneHotPathTest.csproj", "{8B281001-3495-4ED3-BB69-020D08FCED7E}"
EndProject
Global
	GlobalSection(SolutionConfigurationPlatforms) = preSolution
		Debug|Any CPU = Debug|Any CPU
		Release|Any CPU = Release|Any CPU
	EndGlobalSection
	GlobalSection(ProjectConfigurationPlatforms) = postSolution
		{B9069FFC-78F8-4649-B8F4-3B32B4214EF5}.Debug|Any CPU.ActiveCfg = Debug|Any CPU
		{B9069FFC-78F8-4649-B8F4-3B32B4214EF5}.Debug|Any CPU.Build.0 = Debug|Any CPU
		{B9069FFC-78F8-4649-B8F4-3B32B4214EF5}.Release|Any CPU.ActiveCfg = Release|Any CPU
		{B9069FFC-78F8-4649-B8F4-3B32B4214EF5}.Release|Any CPU.Build.0 = Release|Any CPU
		{8B281001-3495-4ED3-BB69-020D08FCED7E}.Debug|Any CPU.ActiveCfg = Debug|Any CPU
		{8B281001-3495-4ED3-BB69-020D08FCED7E}.Debug|Any CPU.Build.0 = Debug|Any CPU
		{8B281001-3495-4ED3-BB69-020D08FCED7E}.Release|Any CPU.ActiveCfg = Release|Any CPU
		{8B281001-3495-4ED3-BB69-020D08FCED7E}.Release|Any CPU.Build.0 = Release|Any CPU
	EndGlobalSection
	GlobalSection(SolutionProperties) = preSolution
		HideSolutionNode = FALSE
	EndGlobalSection
	GlobalSection(ExtensibilityGlobals) = postSolution
		SolutionGuid = {D6C0B548-BEC3-40BE-AB41-2D64DFB22835}
	EndGlobalSection
EndGlobal
