
Microsoft Visual Studio Solution File, Format Version 12.00
# Visual Studio 15
VisualStudioVersion = 15.0.27428.2005
MinimumVisualStudioVersion = 10.0.40219.1
Project("{9A19103F-16F7-4668-BE54-9A1E7A4F7556}") = "WarmPathUI", "WarmPathUI\WarmPathUI.csproj", "{FA1252A8-C449-4A83-B2BD-973F0F345865}"
EndProject
Project("{E53339B2-1760-4266-BCC7-CA923CBCF16C}") = "docker-compose", "docker-compose.dcproj", "{83421DF4-99BA-4D49-815A-B735FFFD5445}"
EndProject
Project("{9A19103F-16F7-4668-BE54-9A1E7A4F7556}") = "WarmPathUI.Tests", "WarmPathUI.Tests\WarmPathUI.Tests.csproj", "{458168F4-B849-4250-B1B5-7C5F5D8C806E}"
EndProject
Global
	GlobalSection(SolutionConfigurationPlatforms) = preSolution
		Debug|Any CPU = Debug|Any CPU
		Release|Any CPU = Release|Any CPU
	EndGlobalSection
	GlobalSection(ProjectConfigurationPlatforms) = postSolution
		{FA1252A8-C449-4A83-B2BD-973F0F345865}.Debug|Any CPU.ActiveCfg = Debug|Any CPU
		{FA1252A8-C449-4A83-B2BD-973F0F345865}.Debug|Any CPU.Build.0 = Debug|Any CPU
		{FA1252A8-C449-4A83-B2BD-973F0F345865}.Release|Any CPU.ActiveCfg = Release|Any CPU
		{FA1252A8-C449-4A83-B2BD-973F0F345865}.Release|Any CPU.Build.0 = Release|Any CPU
		{83421DF4-99BA-4D49-815A-B735FFFD5445}.Debug|Any CPU.ActiveCfg = Debug|Any CPU
		{83421DF4-99BA-4D49-815A-B735FFFD5445}.Debug|Any CPU.Build.0 = Debug|Any CPU
		{83421DF4-99BA-4D49-815A-B735FFFD5445}.Release|Any CPU.ActiveCfg = Release|Any CPU
		{83421DF4-99BA-4D49-815A-B735FFFD5445}.Release|Any CPU.Build.0 = Release|Any CPU
		{458168F4-B849-4250-B1B5-7C5F5D8C806E}.Debug|Any CPU.ActiveCfg = Debug|Any CPU
		{458168F4-B849-4250-B1B5-7C5F5D8C806E}.Debug|Any CPU.Build.0 = Debug|Any CPU
		{458168F4-B849-4250-B1B5-7C5F5D8C806E}.Release|Any CPU.ActiveCfg = Release|Any CPU
		{458168F4-B849-4250-B1B5-7C5F5D8C806E}.Release|Any CPU.Build.0 = Release|Any CPU
	EndGlobalSection
	GlobalSection(SolutionProperties) = preSolution
		HideSolutionNode = FALSE
	EndGlobalSection
	GlobalSection(ExtensibilityGlobals) = postSolution
		SolutionGuid = {416BFE25-D615-43EF-8E0F-560830661563}
	EndGlobalSection
EndGlobal
